{
  "name": "kpoint",
  "lockfileVersion": 3,
  "requires": true,
  "packages": {
    "": {
      "dependencies": {
        "speakingurl": "^14.0.1"
      },
      "devDependencies": {
        "@types/speakingurl": "^13.0.6"
      }
    },
    "node_modules/@types/speakingurl": {
      "version": "13.0.6",
      "resolved": "https://registry.npmjs.org/@types/speakingurl/-/speakingurl-13.0.6.tgz",
      "integrity": "sha512-ywkRHNHBwq0mFs/2HRgW6TEBAzH66G8f2Txzh1aGR0UC9ZoAUHfHxLZGDhwMpck4BpSnB61eNFIFmlV+TJ+KUA==",
      "dev": true
    },
    "node_modules/speakingurl": {
      "version": "14.0.1",
      "resolved": "https://registry.npmjs.org/speakingurl/-/speakingurl-14.0.1.tgz",
      "integrity": "sha512-1POYv7uv2gXoyGFpBCmpDVSNV74IfsWlDW216UPjbWufNf+bSU6GdbDsxdcxtfwb4xlI3yxzOTKClUosxARYrQ==",
      "engines": {
        "node": ">=0.10.0"
      }
    }
  }
}
